# This file is machine-generated by `gh actions-lock`.
# Do not edit by hand; run `gh actions-lock` to update.
# Docs: https://gh.io/actions-lockfile
version: 'v0.0.2'
workflows:
    '.github/workflows/build.yml':
        - 'actions/checkout@v7.0.1'
        - 'actions/download-artifact@v8.0.2'
        - 'actions/upload-artifact@v7.0.2'
    '.github/workflows/ci.yml':
        - 'actions/checkout@v7.0.1'
        - 'ludeeus/action-shellcheck@master'
    '.github/workflows/docs.yml':
        - 'actions/checkout@v7.0.1'
        - 'actions/setup-python@v7.0.0'
dependencies:
    'actions/checkout@v7.0.1':
        ref: 'v7.0.1'
        commit: 'sha1-3d3c42e5aac5ba805825da76410c181273ba90b1'
        owner_id: 44036562
        repo_id: 197814629
    'actions/download-artifact@v8.0.2':
        ref: 'v8.0.2'
        commit: 'sha1-9000827ccba6bdab643e8b6fd33ac0654aef8333'
        owner_id: 44036562
        repo_id: 192626254
    'actions/setup-python@v7.0.0':
        ref: 'v7.0.0'
        commit: 'sha1-5fda3b95a4ea91299a34e894583c3862153e4b97'
        owner_id: 44036562
        repo_id: 192625525
    'actions/upload-artifact@v7.0.2':
        ref: 'v7.0.2'
        commit: 'sha1-cf430e030ddbb5b0abf93d22962f4752f3646cd9'
        owner_id: 44036562
        repo_id: 192625955
    'ludeeus/action-shellcheck@master':
        ref: 'master'
        commit: 'sha1-00b27aa7cb85167568cb48a3838b75f4265f2bca'
        owner_id: 15093472
        repo_id: 174679242
